
Microsoft Visual Studio Solution File, Format Version 12.00
# Visual Studio 14
VisualStudioVersion = 14.0.25420.1
MinimumVisualStudioVersion = 10.0.40219.1
Project("{FAE04EC0-301F-11D3-BF4B-00C04F79EFBC}") = "WeChat.Model", "WeChat.Model\WeChat.Model.csproj", "{5F6480B8-2800-4660-B899-35BAFDDAC721}"
EndProject
Project("{FAE04EC0-301F-11D3-BF4B-00C04F79EFBC}") = "WeChat.Bussiness", "WeChat.Bussiness\WeChat.Bussiness.csproj", "{A253BBA1-82E0-4286-B078-2063C0D7CCBB}"
EndProject
Project("{FAE04EC0-301F-11D3-BF4B-00C04F79EFBC}") = "WeChat.DBUtility", "WeChat.DBUtility\WeChat.DBUtility.csproj", "{C5A5B096-54D3-480F-834F-0EF496A96594}"
EndProject
Global
	GlobalSection(SolutionConfigurationPlatforms) = preSolution
		Debug|Any CPU = Debug|Any CPU
		Release|Any CPU = Release|Any CPU
	EndGlobalSection
	GlobalSection(ProjectConfigurationPlatforms) = postSolution
		{5F6480B8-2800-4660-B899-35BAFDDAC721}.Debug|Any CPU.ActiveCfg = Debug|Any CPU
		{5F6480B8-2800-4660-B899-35BAFDDAC721}.Debug|Any CPU.Build.0 = Debug|Any CPU
		{5F6480B8-2800-4660-B899-35BAFDDAC721}.Release|Any CPU.ActiveCfg = Release|Any CPU
		{5F6480B8-2800-4660-B899-35BAFDDAC721}.Release|Any CPU.Build.0 = Release|Any CPU
		{A253BBA1-82E0-4286-B078-2063C0D7CCBB}.Debug|Any CPU.ActiveCfg = Debug|Any CPU
		{A253BBA1-82E0-4286-B078-2063C0D7CCBB}.Debug|Any CPU.Build.0 = Debug|Any CPU
		{A253BBA1-82E0-4286-B078-2063C0D7CCBB}.Release|Any CPU.ActiveCfg = Release|Any CPU
		{A253BBA1-82E0-4286-B078-2063C0D7CCBB}.Release|Any CPU.Build.0 = Release|Any CPU
		{C5A5B096-54D3-480F-834F-0EF496A96594}.Debug|Any CPU.ActiveCfg = Debug|Any CPU
		{C5A5B096-54D3-480F-834F-0EF496A96594}.Debug|Any CPU.Build.0 = Debug|Any CPU
		{C5A5B096-54D3-480F-834F-0EF496A96594}.Release|Any CPU.ActiveCfg = Release|Any CPU
		{C5A5B096-54D3-480F-834F-0EF496A96594}.Release|Any CPU.Build.0 = Release|Any CPU
	EndGlobalSection
	GlobalSection(SolutionProperties) = preSolution
		HideSolutionNode = FALSE
	EndGlobalSection
EndGlobal
